
Microsoft Visual Studio Solution File, Format Version 12.00
# Visual Studio 15
VisualStudioVersion = 15.0.27004.2002
MinimumVisualStudioVersion = 10.0.40219.1
Project("{FAE04EC0-301F-11D3-BF4B-00C04F79EFBC}") = "Practica7.Android", "Practica7\Practica7.Android\Practica7.Android.csproj", "{FB04E1EB-836C-477E-AB1E-8CE3E256C8E9}"
EndProject
Project("{FAE04EC0-301F-11D3-BF4B-00C04F79EFBC}") = "Practica7", "Practica7\Practica7\Practica7.csproj", "{D9BBFCF9-394D-4EFE-9CE7-D725BD479197}"
EndProject
Project("{FAE04EC0-301F-11D3-BF4B-00C04F79EFBC}") = "Practica7.UWP", "Practica7\Practica7.UWP\Practica7.UWP.csproj", "{ED602503-A800-4E07-B1ED-78FB8426C42B}"
EndProject
Project("{FAE04EC0-301F-11D3-BF4B-00C04F79EFBC}") = "Practica7.iOS", "Practica7\Practica7.iOS\Practica7.iOS.csproj", "{AF31449F-1C47-41B0-8B88-5734776C0241}"
EndProject
Global
	GlobalSection(SolutionConfigurationPlatforms) = preSolution
		Ad-Hoc|Any CPU = Ad-Hoc|Any CPU
		Ad-Hoc|ARM = Ad-Hoc|ARM
		Ad-Hoc|iPhone = Ad-Hoc|iPhone
		Ad-Hoc|iPhoneSimulator = Ad-Hoc|iPhoneSimulator
		Ad-Hoc|x64 = Ad-Hoc|x64
		Ad-Hoc|x86 = Ad-Hoc|x86
		AppStore|Any CPU = AppStore|Any CPU
		AppStore|ARM = AppStore|ARM
		AppStore|iPhone = AppStore|iPhone
		AppStore|iPhoneSimulator = AppStore|iPhoneSimulator
		AppStore|x64 = AppStore|x64
		AppStore|x86 = AppStore|x86
		Debug|Any CPU = Debug|Any CPU
		Debug|ARM = Debug|ARM
		Debug|iPhone = Debug|iPhone
		Debug|iPhoneSimulator = Debug|iPhoneSimulator
		Debug|x64 = Debug|x64
		Debug|x86 = Debug|x86
		Release|Any CPU = Release|Any CPU
		Release|ARM = Release|ARM
		Release|iPhone = Release|iPhone
		Release|iPhoneSimulator = Release|iPhoneSimulator
		Release|x64 = Release|x64
		Release|x86 = Release|x86
	EndGlobalSection
	GlobalSection(ProjectConfigurationPlatforms) = postSolution
		{FB04E1EB-836C-477E-AB1E-8CE3E256C8E9}.Ad-Hoc|Any CPU.ActiveCfg = Release|Any CPU
		{FB04E1EB-836C-477E-AB1E-8CE3E256C8E9}.Ad-Hoc|Any CPU.Build.0 = Release|Any CPU
		{FB04E1EB-836C-477E-AB1E-8CE3E256C8E9}.Ad-Hoc|Any CPU.Deploy.0 = Release|Any CPU
		{FB04E1EB-836C-477E-AB1E-8CE3E256C8E9}.Ad-Hoc|ARM.ActiveCfg = Release|Any CPU
		{FB04E1EB-836C-477E-AB1E-8CE3E256C8E9}.Ad-Hoc|ARM.Build.0 = Release|Any CPU
		{FB04E1EB-836C-477E-AB1E-8CE3E256C8E9}.Ad-Hoc|ARM.Deploy.0 = Release|Any CPU
		{FB04E1EB-836C-477E-AB1E-8CE3E256C8E9}.Ad-Hoc|iPhone.ActiveCfg = Release|Any CPU
		{FB04E1EB-836C-477E-AB1E-8CE3E256C8E9}.Ad-Hoc|iPhone.Build.0 = Release|Any CPU
		{FB04E1EB-836C-477E-AB1E-8CE3E256C8E9}.Ad-Hoc|iPhone.Deploy.0 = Release|Any CPU
		{FB04E1EB-836C-477E-AB1E-8CE3E256C8E9}.Ad-Hoc|iPhoneSimulator.ActiveCfg = Release|Any CPU
		{FB04E1EB-836C-477E-AB1E-8CE3E256C8E9}.Ad-Hoc|iPhoneSimulator.Build.0 = Release|Any CPU
		{FB04E1EB-836C-477E-AB1E-8CE3E256C8E9}.Ad-Hoc|iPhoneSimulator.Deploy.0 = Release|Any CPU
		{FB04E1EB-836C-477E-AB1E-8CE3E256C8E9}.Ad-Hoc|x64.ActiveCfg = Release|Any CPU
		{FB04E1EB-836C-477E-AB1E-8CE3E256C8E9}.Ad-Hoc|x64.Build.0 = Release|Any CPU
		{FB04E1EB-836C-477E-AB1E-8CE3E256C8E9}.Ad-Hoc|x64.Deploy.0 = Release|Any CPU
		{FB04E1EB-836C-477E-AB1E-8CE3E256C8E9}.Ad-Hoc|x86.ActiveCfg = Release|Any CPU
		{FB04E1EB-836C-477E-AB1E-8CE3E256C8E9}.Ad-Hoc|x86.Build.0 = Release|Any CPU
		{FB04E1EB-836C-477E-AB1E-8CE3E256C8E9}.Ad-Hoc|x86.Deploy.0 = Release|Any CPU
		{FB04E1EB-836C-477E-AB1E-8CE3E256C8E9}.AppStore|Any CPU.ActiveCfg = Release|Any CPU
		{FB04E1EB-836C-477E-AB1E-8CE3E256C8E9}.AppStore|Any CPU.Build.0 = Release|Any CPU
		{FB04E1EB-836C-477E-AB1E-8CE3E256C8E9}.AppStore|Any CPU.Deploy.0 = Release|Any CPU
		{FB04E1EB-836C-477E-AB1E-8CE3E256C8E9}.AppStore|ARM.ActiveCfg = Release|Any CPU
		{FB04E1EB-836C-477E-AB1E-8CE3E256C8E9}.AppStore|ARM.Build.0 = Release|Any CPU
		{FB04E1EB-836C-477E-AB1E-8CE3E256C8E9}.AppStore|ARM.Deploy.0 = Release|Any CPU
		{FB04E1EB-836C-477E-AB1E-8CE3E256C8E9}.AppStore|iPhone.ActiveCfg = Release|Any CPU
		{FB04E1EB-836C-477E-AB1E-8CE3E256C8E9}.AppStore|iPhone.Build.0 = Release|Any CPU
		{FB04E1EB-836C-477E-AB1E-8CE3E256C8E9}.AppStore|iPhone.Deploy.0 = Release|Any CPU
		{FB04E1EB-836C-477E-AB1E-8CE3E256C8E9}.AppStore|iPhoneSimulator.ActiveCfg = Release|Any CPU
		{FB04E1EB-836C-477E-AB1E-8CE3E256C8E9}.AppStore|iPhoneSimulator.Build.0 = Release|Any CPU
		{FB04E1EB-836C-477E-AB1E-8CE3E256C8E9}.AppStore|iPhoneSimulator.Deploy.0 = Release|Any CPU
		{FB04E1EB-836C-477E-AB1E-8CE3E256C8E9}.AppStore|x64.ActiveCfg = Release|Any CPU
		{FB04E1EB-836C-477E-AB1E-8CE3E256C8E9}.AppStore|x64.Build.0 = Release|Any CPU
		{FB04E1EB-836C-477E-AB1E-8CE3E256C8E9}.AppStore|x64.Deploy.0 = Release|Any CPU
		{FB04E1EB-836C-477E-AB1E-8CE3E256C8E9}.AppStore|x86.ActiveCfg = Release|Any CPU
		{FB04E1EB-836C-477E-AB1E-8CE3E256C8E9}.AppStore|x86.Build.0 = Release|Any CPU
		{FB04E1EB-836C-477E-AB1E-8CE3E256C8E9}.AppStore|x86.Deploy.0 = Release|Any CPU
		{FB04E1EB-836C-477E-AB1E-8CE3E256C8E9}.Debug|Any CPU.ActiveCfg = Debug|Any CPU
		{FB04E1EB-836C-477E-AB1E-8CE3E256C8E9}.Debug|Any CPU.Build.0 = Debug|Any CPU
		{FB04E1EB-836C-477E-AB1E-8CE3E256C8E9}.Debug|Any CPU.Deploy.0 = Debug|Any CPU
		{FB04E1EB-836C-477E-AB1E-8CE3E256C8E9}.Debug|ARM.ActiveCfg = Debug|Any CPU
		{FB04E1EB-836C-477E-AB1E-8CE3E256C8E9}.Debug|ARM.Build.0 = Debug|Any CPU
		{FB04E1EB-836C-477E-AB1E-8CE3E256C8E9}.Debug|ARM.Deploy.0 = Debug|Any CPU
		{FB04E1EB-836C-477E-AB1E-8CE3E256C8E9}.Debug|iPhone.ActiveCfg = Debug|Any CPU
		{FB04E1EB-836C-477E-AB1E-8CE3E256C8E9}.Debug|iPhone.Build.0 = Debug|Any CPU
		{FB04E1EB-836C-477E-AB1E-8CE3E256C8E9}.Debug|iPhone.Deploy.0 = Debug|Any CPU
		{FB04E1EB-836C-477E-AB1E-8CE3E256C8E9}.Debug|iPhoneSimulator.ActiveCfg = Debug|Any CPU
		{FB04E1EB-836C-477E-AB1E-8CE3E256C8E9}.Debug|iPhoneSimulator.Build.0 = Debug|Any CPU
		{FB04E1EB-836C-477E-AB1E-8CE3E256C8E9}.Debug|iPhoneSimulator.Deploy.0 = Debug|Any CPU
		{FB04E1EB-836C-477E-AB1E-8CE3E256C8E9}.Debug|x64.ActiveCfg = Debug|Any CPU
		{FB04E1EB-836C-477E-AB1E-8CE3E256C8E9}.Debug|x64.Build.0 = Debug|Any CPU
		{FB04E1EB-836C-477E-AB1E-8CE3E256C8E9}.Debug|x64.Deploy.0 = Debug|Any CPU
		{FB04E1EB-836C-477E-AB1E-8CE3E256C8E9}.Debug|x86.ActiveCfg = Debug|Any CPU
		{FB04E1EB-836C-477E-AB1E-8CE3E256C8E9}.Debug|x86.Build.0 = Debug|Any CPU
		{FB04E1EB-836C-477E-AB1E-8CE3E256C8E9}.Debug|x86.Deploy.0 = Debug|Any CPU
		{FB04E1EB-836C-477E-AB1E-8CE3E256C8E9}.Release|Any CPU.ActiveCfg = Release|Any CPU
		{FB04E1EB-836C-477E-AB1E-8CE3E256C8E9}.Release|Any CPU.Build.0 = Release|Any CPU
		{FB04E1EB-836C-477E-AB1E-8CE3E256C8E9}.Release|Any CPU.Deploy.0 = Release|Any CPU
		{FB04E1EB-836C-477E-AB1E-8CE3E256C8E9}.Release|ARM.ActiveCfg = Release|Any CPU
		{FB04E1EB-836C-477E-AB1E-8CE3E256C8E9}.Release|ARM.Build.0 = Release|Any CPU
		{FB04E1EB-836C-477E-AB1E-8CE3E256C8E9}.Release|ARM.Deploy.0 = Release|Any CPU
		{FB04E1EB-836C-477E-AB1E-8CE3E256C8E9}.Release|iPhone.ActiveCfg = Release|Any CPU
		{FB04E1EB-836C-477E-AB1E-8CE3E256C8E9}.Release|iPhone.Build.0 = Release|Any CPU
		{FB04E1EB-836C-477E-AB1E-8CE3E256C8E9}.Release|iPhone.Deploy.0 = Release|Any CPU
		{FB04E1EB-836C-477E-AB1E-8CE3E256C8E9}.Release|iPhoneSimulator.ActiveCfg = Release|Any CPU
		{FB04E1EB-836C-477E-AB1E-8CE3E256C8E9}.Release|iPhoneSimulator.Build.0 = Release|Any CPU
		{FB04E1EB-836C-477E-AB1E-8CE3E256C8E9}.Release|iPhoneSimulator.Deploy.0 = Release|Any CPU
		{FB04E1EB-836C-477E-AB1E-8CE3E256C8E9}.Release|x64.ActiveCfg = Release|Any CPU
		{FB04E1EB-836C-477E-AB1E-8CE3E256C8E9}.Release|x64.Build.0 = Release|Any CPU
		{FB04E1EB-836C-477E-AB1E-8CE3E256C8E9}.Release|x64.Deploy.0 = Release|Any CPU
		{FB04E1EB-836C-477E-AB1E-8CE3E256C8E9}.Release|x86.ActiveCfg = Release|Any CPU
		{FB04E1EB-836C-477E-AB1E-8CE3E256C8E9}.Release|x86.Build.0 = Release|Any CPU
		{FB04E1EB-836C-477E-AB1E-8CE3E256C8E9}.Release|x86.Deploy.0 = Release|Any CPU
		{D9BBFCF9-394D-4EFE-9CE7-D725BD479197}.Ad-Hoc|Any CPU.ActiveCfg = Release|Any CPU
		{D9BBFCF9-394D-4EFE-9CE7-D725BD479197}.Ad-Hoc|Any CPU.Build.0 = Release|Any CPU
		{D9BBFCF9-394D-4EFE-9CE7-D725BD479197}.Ad-Hoc|ARM.ActiveCfg = Release|Any CPU
		{D9BBFCF9-394D-4EFE-9CE7-D725BD479197}.Ad-Hoc|ARM.Build.0 = Release|Any CPU
		{D9BBFCF9-394D-4EFE-9CE7-D725BD479197}.Ad-Hoc|iPhone.ActiveCfg = Release|Any CPU
		{D9BBFCF9-394D-4EFE-9CE7-D725BD479197}.Ad-Hoc|iPhone.Build.0 = Release|Any CPU
		{D9BBFCF9-394D-4EFE-9CE7-D725BD479197}.Ad-Hoc|iPhoneSimulator.ActiveCfg = Release|Any CPU
		{D9BBFCF9-394D-4EFE-9CE7-D725BD479197}.Ad-Hoc|iPhoneSimulator.Build.0 = Release|Any CPU
		{D9BBFCF9-394D-4EFE-9CE7-D725BD479197}.Ad-Hoc|x64.ActiveCfg = Release|Any CPU
		{D9BBFCF9-394D-4EFE-9CE7-D725BD479197}.Ad-Hoc|x64.Build.0 = Release|Any CPU
		{D9BBFCF9-394D-4EFE-9CE7-D725BD479197}.Ad-Hoc|x86.ActiveCfg = Release|Any CPU
		{D9BBFCF9-394D-4EFE-9CE7-D725BD479197}.Ad-Hoc|x86.Build.0 = Release|Any CPU
		{D9BBFCF9-394D-4EFE-9CE7-D725BD479197}.AppStore|Any CPU.ActiveCfg = Release|Any CPU
		{D9BBFCF9-394D-4EFE-9CE7-D725BD479197}.AppStore|Any CPU.Build.0 = Release|Any CPU
		{D9BBFCF9-394D-4EFE-9CE7-D725BD479197}.AppStore|ARM.ActiveCfg = Release|Any CPU
		{D9BBFCF9-394D-4EFE-9CE7-D725BD479197}.AppStore|ARM.Build.0 = Release|Any CPU
		{D9BBFCF9-394D-4EFE-9CE7-D725BD479197}.AppStore|iPhone.ActiveCfg = Release|Any CPU
		{D9BBFCF9-394D-4EFE-9CE7-D725BD479197}.AppStore|iPhone.Build.0 = Release|Any CPU
		{D9BBFCF9-394D-4EFE-9CE7-D725BD479197}.AppStore|iPhoneSimulator.ActiveCfg = Release|Any CPU
		{D9BBFCF9-394D-4EFE-9CE7-D725BD479197}.AppStore|iPhoneSimulator.Build.0 = Release|Any CPU
		{D9BBFCF9-394D-4EFE-9CE7-D725BD479197}.AppStore|x64.ActiveCfg = Release|Any CPU
		{D9BBFCF9-394D-4EFE-9CE7-D725BD479197}.AppStore|x64.Build.0 = Release|Any CPU
		{D9BBFCF9-394D-4EFE-9CE7-D725BD479197}.AppStore|x86.ActiveCfg = Release|Any CPU
		{D9BBFCF9-394D-4EFE-9CE7-D725BD479197}.AppStore|x86.Build.0 = Release|Any CPU
		{D9BBFCF9-394D-4EFE-9CE7-D725BD479197}.Debug|Any CPU.ActiveCfg = Debug|Any CPU
		{D9BBFCF9-394D-4EFE-9CE7-D725BD479197}.Debug|Any CPU.Build.0 = Debug|Any CPU
		{D9BBFCF9-394D-4EFE-9CE7-D725BD479197}.Debug|ARM.ActiveCfg = Debug|Any CPU
		{D9BBFCF9-394D-4EFE-9CE7-D725BD479197}.Debug|ARM.Build.0 = Debug|Any CPU
		{D9BBFCF9-394D-4EFE-9CE7-D725BD479197}.Debug|iPhone.ActiveCfg = Debug|Any CPU
		{D9BBFCF9-394D-4EFE-9CE7-D725BD479197}.Debug|iPhone.Build.0 = Debug|Any CPU
		{D9BBFCF9-394D-4EFE-9CE7-D725BD479197}.Debug|iPhoneSimulator.ActiveCfg = Debug|Any CPU
		{D9BBFCF9-394D-4EFE-9CE7-D725BD479197}.Debug|iPhoneSimulator.Build.0 = Debug|Any CPU
		{D9BBFCF9-394D-4EFE-9CE7-D725BD479197}.Debug|x64.ActiveCfg = Debug|Any CPU
		{D9BBFCF9-394D-4EFE-9CE7-D725BD479197}.Debug|x64.Build.0 = Debug|Any CPU
		{D9BBFCF9-394D-4EFE-9CE7-D725BD479197}.Debug|x86.ActiveCfg = Debug|Any CPU
		{D9BBFCF9-394D-4EFE-9CE7-D725BD479197}.Debug|x86.Build.0 = Debug|Any CPU
		{D9BBFCF9-394D-4EFE-9CE7-D725BD479197}.Release|Any CPU.ActiveCfg = Release|Any CPU
		{D9BBFCF9-394D-4EFE-9CE7-D725BD479197}.Release|Any CPU.Build.0 = Release|Any CPU
		{D9BBFCF9-394D-4EFE-9CE7-D725BD479197}.Release|ARM.ActiveCfg = Release|Any CPU
		{D9BBFCF9-394D-4EFE-9CE7-D725BD479197}.Release|ARM.Build.0 = Release|Any CPU
		{D9BBFCF9-394D-4EFE-9CE7-D725BD479197}.Release|iPhone.ActiveCfg = Release|Any CPU
		{D9BBFCF9-394D-4EFE-9CE7-D725BD479197}.Release|iPhone.Build.0 = Release|Any CPU
		{D9BBFCF9-394D-4EFE-9CE7-D725BD479197}.Release|iPhoneSimulator.ActiveCfg = Release|Any CPU
		{D9BBFCF9-394D-4EFE-9CE7-D725BD479197}.Release|iPhoneSimulator.Build.0 = Release|Any CPU
		{D9BBFCF9-394D-4EFE-9CE7-D725BD479197}.Release|x64.ActiveCfg = Release|Any CPU
		{D9BBFCF9-394D-4EFE-9CE7-D725BD479197}.Release|x64.Build.0 = Release|Any CPU
		{D9BBFCF9-394D-4EFE-9CE7-D725BD479197}.Release|x86.ActiveCfg = Release|Any CPU
		{D9BBFCF9-394D-4EFE-9CE7-D725BD479197}.Release|x86.Build.0 = Release|Any CPU
		{ED602503-A800-4E07-B1ED-78FB8426C42B}.Ad-Hoc|Any CPU.ActiveCfg = Release|x86
		{ED602503-A800-4E07-B1ED-78FB8426C42B}.Ad-Hoc|Any CPU.Build.0 = Release|x86
		{ED602503-A800-4E07-B1ED-78FB8426C42B}.Ad-Hoc|Any CPU.Deploy.0 = Release|x86
		{ED602503-A800-4E07-B1ED-78FB8426C42B}.Ad-Hoc|ARM.ActiveCfg = Release|ARM
		{ED602503-A800-4E07-B1ED-78FB8426C42B}.Ad-Hoc|ARM.Build.0 = Release|ARM
		{ED602503-A800-4E07-B1ED-78FB8426C42B}.Ad-Hoc|ARM.Deploy.0 = Release|ARM
		{ED602503-A800-4E07-B1ED-78FB8426C42B}.Ad-Hoc|iPhone.ActiveCfg = Release|x86
		{ED602503-A800-4E07-B1ED-78FB8426C42B}.Ad-Hoc|iPhone.Build.0 = Release|x86
		{ED602503-A800-4E07-B1ED-78FB8426C42B}.Ad-Hoc|iPhone.Deploy.0 = Release|x86
		{ED602503-A800-4E07-B1ED-78FB8426C42B}.Ad-Hoc|iPhoneSimulator.ActiveCfg = Release|x86
		{ED602503-A800-4E07-B1ED-78FB8426C42B}.Ad-Hoc|iPhoneSimulator.Build.0 = Release|x86
		{ED602503-A800-4E07-B1ED-78FB8426C42B}.Ad-Hoc|iPhoneSimulator.Deploy.0 = Release|x86
		{ED602503-A800-4E07-B1ED-78FB8426C42B}.Ad-Hoc|x64.ActiveCfg = Release|x64
		{ED602503-A800-4E07-B1ED-78FB8426C42B}.Ad-Hoc|x64.Build.0 = Release|x64
		{ED602503-A800-4E07-B1ED-78FB8426C42B}.Ad-Hoc|x64.Deploy.0 = Release|x64
		{ED602503-A800-4E07-B1ED-78FB8426C42B}.Ad-Hoc|x86.ActiveCfg = Release|x86
		{ED602503-A800-4E07-B1ED-78FB8426C42B}.Ad-Hoc|x86.Build.0 = Release|x86
		{ED602503-A800-4E07-B1ED-78FB8426C42B}.Ad-Hoc|x86.Deploy.0 = Release|x86
		{ED602503-A800-4E07-B1ED-78FB8426C42B}.AppStore|Any CPU.ActiveCfg = Release|x86
		{ED602503-A800-4E07-B1ED-78FB8426C42B}.AppStore|Any CPU.Build.0 = Release|x86
		{ED602503-A800-4E07-B1ED-78FB8426C42B}.AppStore|Any CPU.Deploy.0 = Release|x86
		{ED602503-A800-4E07-B1ED-78FB8426C42B}.AppStore|ARM.ActiveCfg = Release|ARM
		{ED602503-A800-4E07-B1ED-78FB8426C42B}.AppStore|ARM.Build.0 = Release|ARM
		{ED602503-A800-4E07-B1ED-78FB8426C42B}.AppStore|ARM.Deploy.0 = Release|ARM
		{ED602503-A800-4E07-B1ED-78FB8426C42B}.AppStore|iPhone.ActiveCfg = Release|x86
		{ED602503-A800-4E07-B1ED-78FB8426C42B}.AppStore|iPhone.Build.0 = Release|x86
		{ED602503-A800-4E07-B1ED-78FB8426C42B}.AppStore|iPhone.Deploy.0 = Release|x86
		{ED602503-A800-4E07-B1ED-78FB8426C42B}.AppStore|iPhoneSimulator.ActiveCfg = Release|x86
		{ED602503-A800-4E07-B1ED-78FB8426C42B}.AppStore|iPhoneSimulator.Build.0 = Release|x86
		{ED602503-A800-4E07-B1ED-78FB8426C42B}.AppStore|iPhoneSimulator.Deploy.0 = Release|x86
		{ED602503-A800-4E07-B1ED-78FB8426C42B}.AppStore|x64.ActiveCfg = Release|x64
		{ED602503-A800-4E07-B1ED-78FB8426C42B}.AppStore|x64.Build.0 = Release|x64
		{ED602503-A800-4E07-B1ED-78FB8426C42B}.AppStore|x64.Deploy.0 = Release|x64
		{ED602503-A800-4E07-B1ED-78FB8426C42B}.AppStore|x86.ActiveCfg = Release|x86
		{ED602503-A800-4E07-B1ED-78FB8426C42B}.AppStore|x86.Build.0 = Release|x86
		{ED602503-A800-4E07-B1ED-78FB8426C42B}.AppStore|x86.Deploy.0 = Release|x86
		{ED602503-A800-4E07-B1ED-78FB8426C42B}.Debug|Any CPU.ActiveCfg = Debug|x86
		{ED602503-A800-4E07-B1ED-78FB8426C42B}.Debug|ARM.ActiveCfg = Debug|ARM
		{ED602503-A800-4E07-B1ED-78FB8426C42B}.Debug|ARM.Build.0 = Debug|ARM
		{ED602503-A800-4E07-B1ED-78FB8426C42B}.Debug|ARM.Deploy.0 = Debug|ARM
		{ED602503-A800-4E07-B1ED-78FB8426C42B}.Debug|iPhone.ActiveCfg = Debug|x86
		{ED602503-A800-4E07-B1ED-78FB8426C42B}.Debug|iPhoneSimulator.ActiveCfg = Debug|x86
		{ED602503-A800-4E07-B1ED-78FB8426C42B}.Debug|x64.ActiveCfg = Debug|x64
		{ED602503-A800-4E07-B1ED-78FB8426C42B}.Debug|x64.Build.0 = Debug|x64
		{ED602503-A800-4E07-B1ED-78FB8426C42B}.Debug|x64.Deploy.0 = Debug|x64
		{ED602503-A800-4E07-B1ED-78FB8426C42B}.Debug|x86.ActiveCfg = Debug|x86
		{ED602503-A800-4E07-B1ED-78FB8426C42B}.Debug|x86.Build.0 = Debug|x86
		{ED602503-A800-4E07-B1ED-78FB8426C42B}.Debug|x86.Deploy.0 = Debug|x86
		{ED602503-A800-4E07-B1ED-78FB8426C42B}.Release|Any CPU.ActiveCfg = Release|x86
		{ED602503-A800-4E07-B1ED-78FB8426C42B}.Release|ARM.ActiveCfg = Release|ARM
		{ED602503-A800-4E07-B1ED-78FB8426C42B}.Release|ARM.Build.0 = Release|ARM
		{ED602503-A800-4E07-B1ED-78FB8426C42B}.Release|ARM.Deploy.0 = Release|ARM
		{ED602503-A800-4E07-B1ED-78FB8426C42B}.Release|iPhone.ActiveCfg = Release|x86
		{ED602503-A800-4E07-B1ED-78FB8426C42B}.Release|iPhoneSimulator.ActiveCfg = Release|x86
		{ED602503-A800-4E07-B1ED-78FB8426C42B}.Release|x64.ActiveCfg = Release|x64
		{ED602503-A800-4E07-B1ED-78FB8426C42B}.Release|x64.Build.0 = Release|x64
		{ED602503-A800-4E07-B1ED-78FB8426C42B}.Release|x64.Deploy.0 = Release|x64
		{ED602503-A800-4E07-B1ED-78FB8426C42B}.Release|x86.ActiveCfg = Release|x86
		{ED602503-A800-4E07-B1ED-78FB8426C42B}.Release|x86.Build.0 = Release|x86
		{ED602503-A800-4E07-B1ED-78FB8426C42B}.Release|x86.Deploy.0 = Release|x86
		{AF31449F-1C47-41B0-8B88-5734776C0241}.Ad-Hoc|Any CPU.ActiveCfg = Ad-Hoc|iPhoneSimulator
		{AF31449F-1C47-41B0-8B88-5734776C0241}.Ad-Hoc|ARM.ActiveCfg = Ad-Hoc|iPhone
		{AF31449F-1C47-41B0-8B88-5734776C0241}.Ad-Hoc|iPhone.ActiveCfg = Ad-Hoc|iPhone
		{AF31449F-1C47-41B0-8B88-5734776C0241}.Ad-Hoc|iPhone.Build.0 = Ad-Hoc|iPhone
		{AF31449F-1C47-41B0-8B88-5734776C0241}.Ad-Hoc|iPhoneSimulator.ActiveCfg = Ad-Hoc|iPhoneSimulator
		{AF31449F-1C47-41B0-8B88-5734776C0241}.Ad-Hoc|iPhoneSimulator.Build.0 = Ad-Hoc|iPhoneSimulator
		{AF31449F-1C47-41B0-8B88-5734776C0241}.Ad-Hoc|x64.ActiveCfg = Ad-Hoc|iPhone
		{AF31449F-1C47-41B0-8B88-5734776C0241}.Ad-Hoc|x86.ActiveCfg = Ad-Hoc|iPhone
		{AF31449F-1C47-41B0-8B88-5734776C0241}.AppStore|Any CPU.ActiveCfg = AppStore|iPhoneSimulator
		{AF31449F-1C47-41B0-8B88-5734776C0241}.AppStore|ARM.ActiveCfg = AppStore|iPhone
		{AF31449F-1C47-41B0-8B88-5734776C0241}.AppStore|iPhone.ActiveCfg = AppStore|iPhone
		{AF31449F-1C47-41B0-8B88-5734776C0241}.AppStore|iPhone.Build.0 = AppStore|iPhone
		{AF31449F-1C47-41B0-8B88-5734776C0241}.AppStore|iPhoneSimulator.ActiveCfg = AppStore|iPhoneSimulator
		{AF31449F-1C47-41B0-8B88-5734776C0241}.AppStore|iPhoneSimulator.Build.0 = AppStore|iPhoneSimulator
		{AF31449F-1C47-41B0-8B88-5734776C0241}.AppStore|x64.ActiveCfg = AppStore|iPhone
		{AF31449F-1C47-41B0-8B88-5734776C0241}.AppStore|x86.ActiveCfg = AppStore|iPhone
		{AF31449F-1C47-41B0-8B88-5734776C0241}.Debug|Any CPU.ActiveCfg = Debug|iPhoneSimulator
		{AF31449F-1C47-41B0-8B88-5734776C0241}.Debug|ARM.ActiveCfg = Debug|iPhone
		{AF31449F-1C47-41B0-8B88-5734776C0241}.Debug|iPhone.ActiveCfg = Debug|iPhone
		{AF31449F-1C47-41B0-8B88-5734776C0241}.Debug|iPhone.Build.0 = Debug|iPhone
		{AF31449F-1C47-41B0-8B88-5734776C0241}.Debug|iPhoneSimulator.ActiveCfg = Debug|iPhoneSimulator
		{AF31449F-1C47-41B0-8B88-5734776C0241}.Debug|iPhoneSimulator.Build.0 = Debug|iPhoneSimulator
		{AF31449F-1C47-41B0-8B88-5734776C0241}.Debug|x64.ActiveCfg = Debug|iPhone
		{AF31449F-1C47-41B0-8B88-5734776C0241}.Debug|x86.ActiveCfg = Debug|iPhone
		{AF31449F-1C47-41B0-8B88-5734776C0241}.Release|Any CPU.ActiveCfg = Release|iPhoneSimulator
		{AF31449F-1C47-41B0-8B88-5734776C0241}.Release|ARM.ActiveCfg = Release|iPhone
		{AF31449F-1C47-41B0-8B88-5734776C0241}.Release|iPhone.ActiveCfg = Release|iPhone
		{AF31449F-1C47-41B0-8B88-5734776C0241}.Release|iPhone.Build.0 = Release|iPhone
		{AF31449F-1C47-41B0-8B88-5734776C0241}.Release|iPhoneSimulator.ActiveCfg = Release|iPhoneSimulator
		{AF31449F-1C47-41B0-8B88-5734776C0241}.Release|iPhoneSimulator.Build.0 = Release|iPhoneSimulator
		{AF31449F-1C47-41B0-8B88-5734776C0241}.Release|x64.ActiveCfg = Release|iPhone
		{AF31449F-1C47-41B0-8B88-5734776C0241}.Release|x86.ActiveCfg = Release|iPhone
	EndGlobalSection
	GlobalSection(SolutionProperties) = preSolution
		HideSolutionNode = FALSE
	EndGlobalSection
	GlobalSection(ExtensibilityGlobals) = postSolution
		SolutionGuid = {C4CD918B-A3A3-4E1C-AFCB-2B78EB0172C9}
	EndGlobalSection
EndGlobal
